// !$*UTF8*$!
{
	archiveVersion = 1;
	classes = {
	};
	objectVersion = 50;
	objects = {

/* Begin PBXBuildFile section */
		A612312E2132DB0600A8D81C /* PromiseKit.framework.dSYM in Copy Carthage dSYMs */ = {isa = PBXBuildFile; fileRef = A6303B082132D7B900CDB898 /* PromiseKit.framework.dSYM */; };
		A612312F2132DB0600A8D81C /* Realm.framework.dSYM in Copy Carthage dSYMs */ = {isa = PBXBuildFile; fileRef = A6303B092132D7B900CDB898 /* Realm.framework.dSYM */; };
		A61231302132DB0600A8D81C /* RealmSwift.framework.dSYM in Copy Carthage dSYMs */ = {isa = PBXBuildFile; fileRef = A6303B0E2132D7BA00CDB898 /* RealmSwift.framework.dSYM */; };
		A61231312132DB0600A8D81C /* ReSwift.framework.dSYM in Copy Carthage dSYMs */ = {isa = PBXBuildFile; fileRef = A6303B0A2132D7B900CDB898 /* ReSwift.framework.dSYM */; };
		A61231322132DB0600A8D81C /* RxBlocking.framework.dSYM in Copy Carthage dSYMs */ = {isa = PBXBuildFile; fileRef = A6303B0B2132D7B900CDB898 /* RxBlocking.framework.dSYM */; };
		A61231332132DB0600A8D81C /* RxCocoa.framework.dSYM in Copy Carthage dSYMs */ = {isa = PBXBuildFile; fileRef = A6303B0F2132D7BA00CDB898 /* RxCocoa.framework.dSYM */; };
		A61231342132DB0600A8D81C /* RxSwift.framework.dSYM in Copy Carthage dSYMs */ = {isa = PBXBuildFile; fileRef = A6303B0C2132D7B900CDB898 /* RxSwift.framework.dSYM */; };
		A61231352132DB0600A8D81C /* RxTest.framework.dSYM in Copy Carthage dSYMs */ = {isa = PBXBuildFile; fileRef = A6303B0D2132D7BA00CDB898 /* RxTest.framework.dSYM */; };
		A61231362132DB0600A8D81C /* SwifterSwift.framework.dSYM in Copy Carthage dSYMs */ = {isa = PBXBuildFile; fileRef = A6303B112132D7BA00CDB898 /* SwifterSwift.framework.dSYM */; };
		A61231372132DB0600A8D81C /* Swinject.framework.dSYM in Copy Carthage dSYMs */ = {isa = PBXBuildFile; fileRef = A6303B102132D7BA00CDB898 /* Swinject.framework.dSYM */; };
		A61231452132DF7A00A8D81C /* StartController.swift in Sources */ = {isa = PBXBuildFile; fileRef = A61231442132DF7A00A8D81C /* StartController.swift */; };
		A6123148213718E500A8D81C /* DIManager.swift in Sources */ = {isa = PBXBuildFile; fileRef = A6123147213718E500A8D81C /* DIManager.swift */; };
		A612314E21371A4A00A8D81C /* CoreTests.swift in Sources */ = {isa = PBXBuildFile; fileRef = A612314D21371A4A00A8D81C /* CoreTests.swift */; };
		A612315221371BB700A8D81C /* ApplicationAssembly.swift in Sources */ = {isa = PBXBuildFile; fileRef = A612315121371BB700A8D81C /* ApplicationAssembly.swift */; };
		A612315421371E7E00A8D81C /* Swinject.framework in Frameworks */ = {isa = PBXBuildFile; fileRef = A6303AF92132D7A100CDB898 /* Swinject.framework */; };
		A612315621371EF400A8D81C /* DITests.swift in Sources */ = {isa = PBXBuildFile; fileRef = A612315521371EF400A8D81C /* DITests.swift */; };
		A612315821371F4C00A8D81C /* ControllerAssembly.swift in Sources */ = {isa = PBXBuildFile; fileRef = A612315721371F4C00A8D81C /* ControllerAssembly.swift */; };
		A6303B122132D7BA00CDB898 /* PromiseKit.framework.dSYM in Resources */ = {isa = PBXBuildFile; fileRef = A6303B082132D7B900CDB898 /* PromiseKit.framework.dSYM */; };
		A6303B132132D7BA00CDB898 /* Realm.framework.dSYM in Resources */ = {isa = PBXBuildFile; fileRef = A6303B092132D7B900CDB898 /* Realm.framework.dSYM */; };
		A6303B142132D7BA00CDB898 /* ReSwift.framework.dSYM in Resources */ = {isa = PBXBuildFile; fileRef = A6303B0A2132D7B900CDB898 /* ReSwift.framework.dSYM */; };
		A6303B152132D7BA00CDB898 /* RxBlocking.framework.dSYM in Resources */ = {isa = PBXBuildFile; fileRef = A6303B0B2132D7B900CDB898 /* RxBlocking.framework.dSYM */; };
		A6303B162132D7BA00CDB898 /* RxSwift.framework.dSYM in Resources */ = {isa = PBXBuildFile; fileRef = A6303B0C2132D7B900CDB898 /* RxSwift.framework.dSYM */; };
		A6303B172132D7BA00CDB898 /* RxTest.framework.dSYM in Resources */ = {isa = PBXBuildFile; fileRef = A6303B0D2132D7BA00CDB898 /* RxTest.framework.dSYM */; };
		A6303B182132D7BA00CDB898 /* RealmSwift.framework.dSYM in Resources */ = {isa = PBXBuildFile; fileRef = A6303B0E2132D7BA00CDB898 /* RealmSwift.framework.dSYM */; };
		A6303B192132D7BA00CDB898 /* RxCocoa.framework.dSYM in Resources */ = {isa = PBXBuildFile; fileRef = A6303B0F2132D7BA00CDB898 /* RxCocoa.framework.dSYM */; };
		A6303B1A2132D7BA00CDB898 /* Swinject.framework.dSYM in Resources */ = {isa = PBXBuildFile; fileRef = A6303B102132D7BA00CDB898 /* Swinject.framework.dSYM */; };
		A6303B1B2132D7BA00CDB898 /* SwifterSwift.framework.dSYM in Resources */ = {isa = PBXBuildFile; fileRef = A6303B112132D7BA00CDB898 /* SwifterSwift.framework.dSYM */; };
		A6303B1C2132D7D100CDB898 /* PromiseKit.framework in Frameworks */ = {isa = PBXBuildFile; fileRef = A6303AF42132D7A100CDB898 /* PromiseKit.framework */; };
		A6303B1D2132D7D100CDB898 /* PromiseKit.framework in Embed Frameworks */ = {isa = PBXBuildFile; fileRef = A6303AF42132D7A100CDB898 /* PromiseKit.framework */; settings = {ATTRIBUTES = (CodeSignOnCopy, RemoveHeadersOnCopy, ); }; };
		A6303B1E2132D7D100CDB898 /* Realm.framework in Frameworks */ = {isa = PBXBuildFile; fileRef = A6303AFA2132D7A100CDB898 /* Realm.framework */; };
		A6303B1F2132D7D100CDB898 /* Realm.framework in Embed Frameworks */ = {isa = PBXBuildFile; fileRef = A6303AFA2132D7A100CDB898 /* Realm.framework */; settings = {ATTRIBUTES = (CodeSignOnCopy, RemoveHeadersOnCopy, ); }; };
		A6303B202132D7D100CDB898 /* RealmSwift.framework in Frameworks */ = {isa = PBXBuildFile; fileRef = A6303AFD2132D7A200CDB898 /* RealmSwift.framework */; };
		A6303B212132D7D100CDB898 /* RealmSwift.framework in Embed Frameworks */ = {isa = PBXBuildFile; fileRef = A6303AFD2132D7A200CDB898 /* RealmSwift.framework */; settings = {ATTRIBUTES = (CodeSignOnCopy, RemoveHeadersOnCopy, ); }; };
		A6303B222132D7D100CDB898 /* ReSwift.framework in Frameworks */ = {isa = PBXBuildFile; fileRef = A6303AF52132D7A100CDB898 /* ReSwift.framework */; };
		A6303B232132D7D100CDB898 /* ReSwift.framework in Embed Frameworks */ = {isa = PBXBuildFile; fileRef = A6303AF52132D7A100CDB898 /* ReSwift.framework */; settings = {ATTRIBUTES = (CodeSignOnCopy, RemoveHeadersOnCopy, ); }; };
		A6303B242132D7D100CDB898 /* RxBlocking.framework in Frameworks */ = {isa = PBXBuildFile; fileRef = A6303AF72132D7A100CDB898 /* RxBlocking.framework */; };
		A6303B252132D7D100CDB898 /* RxBlocking.framework in Embed Frameworks */ = {isa = PBXBuildFile; fileRef = A6303AF72132D7A100CDB898 /* RxBlocking.framework */; settings = {ATTRIBUTES = (CodeSignOnCopy, RemoveHeadersOnCopy, ); }; };
		A6303B262132D7D100CDB898 /* RxCocoa.framework in Frameworks */ = {isa = PBXBuildFile; fileRef = A6303AFB2132D7A200CDB898 /* RxCocoa.framework */; };
		A6303B272132D7D100CDB898 /* RxCocoa.framework in Embed Frameworks */ = {isa = PBXBuildFile; fileRef = A6303AFB2132D7A200CDB898 /* RxCocoa.framework */; settings = {ATTRIBUTES = (CodeSignOnCopy, RemoveHeadersOnCopy, ); }; };
		A6303B282132D7D100CDB898 /* RxSwift.framework in Frameworks */ = {isa = PBXBuildFile; fileRef = A6303AFC2132D7A200CDB898 /* RxSwift.framework */; };
		A6303B292132D7D100CDB898 /* RxSwift.framework in Embed Frameworks */ = {isa = PBXBuildFile; fileRef = A6303AFC2132D7A200CDB898 /* RxSwift.framework */; settings = {ATTRIBUTES = (CodeSignOnCopy, RemoveHeadersOnCopy, ); }; };
		A6303B2A2132D7D100CDB898 /* SwifterSwift.framework in Frameworks */ = {isa = PBXBuildFile; fileRef = A6303AF82132D7A100CDB898 /* SwifterSwift.framework */; };
		A6303B2B2132D7D100CDB898 /* SwifterSwift.framework in Embed Frameworks */ = {isa = PBXBuildFile; fileRef = A6303AF82132D7A100CDB898 /* SwifterSwift.framework */; settings = {ATTRIBUTES = (CodeSignOnCopy, RemoveHeadersOnCopy, ); }; };
		A6303B2C2132D7D100CDB898 /* Swinject.framework in Frameworks */ = {isa = PBXBuildFile; fileRef = A6303AF92132D7A100CDB898 /* Swinject.framework */; };
		A6303B2D2132D7D100CDB898 /* Swinject.framework in Embed Frameworks */ = {isa = PBXBuildFile; fileRef = A6303AF92132D7A100CDB898 /* Swinject.framework */; settings = {ATTRIBUTES = (CodeSignOnCopy, RemoveHeadersOnCopy, ); }; };
		A6A063192137404700075FFD /* AppDelegate.swift in Sources */ = {isa = PBXBuildFile; fileRef = A6A063182137404700075FFD /* AppDelegate.swift */; };
		A6A0631E2137404700075FFD /* Main.storyboard in Resources */ = {isa = PBXBuildFile; fileRef = A6A0631C2137404700075FFD /* Main.storyboard */; };
		A6A063202137404700075FFD /* Assets.xcassets in Resources */ = {isa = PBXBuildFile; fileRef = A6A0631F2137404700075FFD /* Assets.xcassets */; };
		A6A063232137404700075FFD /* LaunchScreen.storyboard in Resources */ = {isa = PBXBuildFile; fileRef = A6A063212137404700075FFD /* LaunchScreen.storyboard */; };
/* End PBXBuildFile section */

/* Begin PBXContainerItemProxy section */
		A6A0632A2137404700075FFD /* PBXContainerItemProxy */ = {
			isa = PBXContainerItemProxy;
			containerPortal = A6A0630D2137404700075FFD /* Project object */;
			proxyType = 1;
			remoteGlobalIDString = A6A063142137404700075FFD;
			remoteInfo = MyStore;
		};
		A6A063352137404700075FFD /* PBXContainerItemProxy */ = {
			isa = PBXContainerItemProxy;
			containerPortal = A6A0630D2137404700075FFD /* Project object */;
			proxyType = 1;
			remoteGlobalIDString = A6A063142137404700075FFD;
			remoteInfo = MyStore;
		};
/* End PBXContainerItemProxy section */

/* Begin PBXCopyFilesBuildPhase section */
		A612312D2132DAF900A8D81C /* Copy Carthage dSYMs */ = {
			isa = PBXCopyFilesBuildPhase;
			buildActionMask = 8;
			dstPath = "";
			dstSubfolderSpec = 7;
			files = (
				A612312E2132DB0600A8D81C /* PromiseKit.framework.dSYM in Copy Carthage dSYMs */,
				A612312F2132DB0600A8D81C /* Realm.framework.dSYM in Copy Carthage dSYMs */,
				A61231302132DB0600A8D81C /* RealmSwift.framework.dSYM in Copy Carthage dSYMs */,
				A61231312132DB0600A8D81C /* ReSwift.framework.dSYM in Copy Carthage dSYMs */,
				A61231322132DB0600A8D81C /* RxBlocking.framework.dSYM in Copy Carthage dSYMs */,
				A61231332132DB0600A8D81C /* RxCocoa.framework.dSYM in Copy Carthage dSYMs */,
				A61231342132DB0600A8D81C /* RxSwift.framework.dSYM in Copy Carthage dSYMs */,
				A61231352132DB0600A8D81C /* RxTest.framework.dSYM in Copy Carthage dSYMs */,
				A61231362132DB0600A8D81C /* SwifterSwift.framework.dSYM in Copy Carthage dSYMs */,
				A61231372132DB0600A8D81C /* Swinject.framework.dSYM in Copy Carthage dSYMs */,
			);
			name = "Copy Carthage dSYMs";
			runOnlyForDeploymentPostprocessing = 1;
		};
		A6303B2E2132D7D100CDB898 /* Embed Frameworks */ = {
			isa = PBXCopyFilesBuildPhase;
			buildActionMask = 2147483647;
			dstPath = "";
			dstSubfolderSpec = 10;
			files = (
				A6303B272132D7D100CDB898 /* RxCocoa.framework in Embed Frameworks */,
				A6303B1F2132D7D100CDB898 /* Realm.framework in Embed Frameworks */,
				A6303B292132D7D100CDB898 /* RxSwift.framework in Embed Frameworks */,
				A6303B2B2132D7D100CDB898 /* SwifterSwift.framework in Embed Frameworks */,
				A6303B252132D7D100CDB898 /* RxBlocking.framework in Embed Frameworks */,
				A6303B232132D7D100CDB898 /* ReSwift.framework in Embed Frameworks */,
				A6303B2D2132D7D100CDB898 /* Swinject.framework in Embed Frameworks */,
				A6303B1D2132D7D100CDB898 /* PromiseKit.framework in Embed Frameworks */,
				A6303B212132D7D100CDB898 /* RealmSwift.framework in Embed Frameworks */,
			);
			name = "Embed Frameworks";
			runOnlyForDeploymentPostprocessing = 0;
		};
/* End PBXCopyFilesBuildPhase section */

/* Begin PBXFileReference section */
		A61231442132DF7A00A8D81C /* StartController.swift */ = {isa = PBXFileReference; lastKnownFileType = sourcecode.swift; path = StartController.swift; sourceTree = "<group>"; };
		A6123147213718E500A8D81C /* DIManager.swift */ = {isa = PBXFileReference; lastKnownFileType = sourcecode.swift; path = DIManager.swift; sourceTree = "<group>"; };
		A612314A213719EB00A8D81C /* MyStoreTests-Bridging-Header.h */ = {isa = PBXFileReference; lastKnownFileType = sourcecode.c.h; path = "MyStoreTests-Bridging-Header.h"; sourceTree = "<group>"; };
		A612314D21371A4A00A8D81C /* CoreTests.swift */ = {isa = PBXFileReference; lastKnownFileType = sourcecode.swift; path = CoreTests.swift; sourceTree = "<group>"; };
		A612315121371BB700A8D81C /* ApplicationAssembly.swift */ = {isa = PBXFileReference; lastKnownFileType = sourcecode.swift; path = ApplicationAssembly.swift; sourceTree = "<group>"; };
		A612315521371EF400A8D81C /* DITests.swift */ = {isa = PBXFileReference; lastKnownFileType = sourcecode.swift; path = DITests.swift; sourceTree = "<group>"; };
		A612315721371F4C00A8D81C /* ControllerAssembly.swift */ = {isa = PBXFileReference; lastKnownFileType = sourcecode.swift; path = ControllerAssembly.swift; sourceTree = "<group>"; };
		A6303AF42132D7A100CDB898 /* PromiseKit.framework */ = {isa = PBXFileReference; lastKnownFileType = wrapper.framework; name = PromiseKit.framework; path = Carthage/Build/iOS/PromiseKit.framework; sourceTree = "<group>"; };
		A6303AF52132D7A100CDB898 /* ReSwift.framework */ = {isa = PBXFileReference; lastKnownFileType = wrapper.framework; name = ReSwift.framework; path = Carthage/Build/iOS/ReSwift.framework; sourceTree = "<group>"; };
		A6303AF62132D7A100CDB898 /* RxTest.framework */ = {isa = PBXFileReference; lastKnownFileType = wrapper.framework; name = RxTest.framework; path = Carthage/Build/iOS/RxTest.framework; sourceTree = "<group>"; };
		A6303AF72132D7A100CDB898 /* RxBlocking.framework */ = {isa = PBXFileReference; lastKnownFileType = wrapper.framework; name = RxBlocking.framework; path = Carthage/Build/iOS/RxBlocking.framework; sourceTree = "<group>"; };
		A6303AF82132D7A100CDB898 /* SwifterSwift.framework */ = {isa = PBXFileReference; lastKnownFileType = wrapper.framework; name = SwifterSwift.framework; path = Carthage/Build/iOS/SwifterSwift.framework; sourceTree = "<group>"; };
		A6303AF92132D7A100CDB898 /* Swinject.framework */ = {isa = PBXFileReference; lastKnownFileType = wrapper.framework; name = Swinject.framework; path = Carthage/Build/iOS/Swinject.framework; sourceTree = "<group>"; };
		A6303AFA2132D7A100CDB898 /* Realm.framework */ = {isa = PBXFileReference; lastKnownFileType = wrapper.framework; name = Realm.framework; path = Carthage/Build/iOS/Realm.framework; sourceTree = "<group>"; };
		A6303AFB2132D7A200CDB898 /* RxCocoa.framework */ = {isa = PBXFileReference; lastKnownFileType = wrapper.framework; name = RxCocoa.framework; path = Carthage/Build/iOS/RxCocoa.framework; sourceTree = "<group>"; };
		A6303AFC2132D7A200CDB898 /* RxSwift.framework */ = {isa = PBXFileReference; lastKnownFileType = wrapper.framework; name = RxSwift.framework; path = Carthage/Build/iOS/RxSwift.framework; sourceTree = "<group>"; };
		A6303AFD2132D7A200CDB898 /* RealmSwift.framework */ = {isa = PBXFileReference; lastKnownFileType = wrapper.framework; name = RealmSwift.framework; path = Carthage/Build/iOS/RealmSwift.framework; sourceTree = "<group>"; };
		A6303B082132D7B900CDB898 /* PromiseKit.framework.dSYM */ = {isa = PBXFileReference; lastKnownFileType = wrapper.dsym; name = PromiseKit.framework.dSYM; path = Carthage/Build/iOS/PromiseKit.framework.dSYM; sourceTree = "<group>"; };
		A6303B092132D7B900CDB898 /* Realm.framework.dSYM */ = {isa = PBXFileReference; lastKnownFileType = wrapper.dsym; name = Realm.framework.dSYM; path = Carthage/Build/iOS/Realm.framework.dSYM; sourceTree = "<group>"; };
		A6303B0A2132D7B900CDB898 /* ReSwift.framework.dSYM */ = {isa = PBXFileReference; lastKnownFileType = wrapper.dsym; name = ReSwift.framework.dSYM; path = Carthage/Build/iOS/ReSwift.framework.dSYM; sourceTree = "<group>"; };
		A6303B0B2132D7B900CDB898 /* RxBlocking.framework.dSYM */ = {isa = PBXFileReference; lastKnownFileType = wrapper.dsym; name = RxBlocking.framework.dSYM; path = Carthage/Build/iOS/RxBlocking.framework.dSYM; sourceTree = "<group>"; };
		A6303B0C2132D7B900CDB898 /* RxSwift.framework.dSYM */ = {isa = PBXFileReference; lastKnownFileType = wrapper.dsym; name = RxSwift.framework.dSYM; path = Carthage/Build/iOS/RxSwift.framework.dSYM; sourceTree = "<group>"; };
		A6303B0D2132D7BA00CDB898 /* RxTest.framework.dSYM */ = {isa = PBXFileReference; lastKnownFileType = wrapper.dsym; name = RxTest.framework.dSYM; path = Carthage/Build/iOS/RxTest.framework.dSYM; sourceTree = "<group>"; };
		A6303B0E2132D7BA00CDB898 /* RealmSwift.framework.dSYM */ = {isa = PBXFileReference; lastKnownFileType = wrapper.dsym; name = RealmSwift.framework.dSYM; path = Carthage/Build/iOS/RealmSwift.framework.dSYM; sourceTree = "<group>"; };
		A6303B0F2132D7BA00CDB898 /* RxCocoa.framework.dSYM */ = {isa = PBXFileReference; lastKnownFileType = wrapper.dsym; name = RxCocoa.framework.dSYM; path = Carthage/Build/iOS/RxCocoa.framework.dSYM; sourceTree = "<group>"; };
		A6303B102132D7BA00CDB898 /* Swinject.framework.dSYM */ = {isa = PBXFileReference; lastKnownFileType = wrapper.dsym; name = Swinject.framework.dSYM; path = Carthage/Build/iOS/Swinject.framework.dSYM; sourceTree = "<group>"; };
		A6303B112132D7BA00CDB898 /* SwifterSwift.framework.dSYM */ = {isa = PBXFileReference; lastKnownFileType = wrapper.dsym; name = SwifterSwift.framework.dSYM; path = Carthage/Build/iOS/SwifterSwift.framework.dSYM; sourceTree = "<group>"; };
		A6A063152137404700075FFD /* MyStore.app */ = {isa = PBXFileReference; explicitFileType = wrapper.application; includeInIndex = 0; path = MyStore.app; sourceTree = BUILT_PRODUCTS_DIR; };
		A6A063182137404700075FFD /* AppDelegate.swift */ = {isa = PBXFileReference; lastKnownFileType = sourcecode.swift; path = AppDelegate.swift; sourceTree = "<group>"; };
		A6A0631D2137404700075FFD /* Base */ = {isa = PBXFileReference; lastKnownFileType = file.storyboard; name = Base; path = Base.lproj/Main.storyboard; sourceTree = "<group>"; };
		A6A0631F2137404700075FFD /* Assets.xcassets */ = {isa = PBXFileReference; lastKnownFileType = folder.assetcatalog; path = Assets.xcassets; sourceTree = "<group>"; };
		A6A063222137404700075FFD /* Base */ = {isa = PBXFileReference; lastKnownFileType = file.storyboard; name = Base; path = Base.lproj/LaunchScreen.storyboard; sourceTree = "<group>"; };
		A6A063242137404700075FFD /* Info.plist */ = {isa = PBXFileReference; lastKnownFileType = text.plist.xml; path = Info.plist; sourceTree = "<group>"; };
		A6A063292137404700075FFD /* MyStoreTests.xctest */ = {isa = PBXFileReference; explicitFileType = wrapper.cfbundle; includeInIndex = 0; path = MyStoreTests.xctest; sourceTree = BUILT_PRODUCTS_DIR; };
		A6A0632F2137404700075FFD /* Info.plist */ = {isa = PBXFileReference; lastKnownFileType = text.plist.xml; path = Info.plist; sourceTree = "<group>"; };
		A6A063342137404700075FFD /* MyStoreUITests.xctest */ = {isa = PBXFileReference; explicitFileType = wrapper.cfbundle; includeInIndex = 0; path = MyStoreUITests.xctest; sourceTree = BUILT_PRODUCTS_DIR; };
		A6A0633A2137404700075FFD /* Info.plist */ = {isa = PBXFileReference; lastKnownFileType = text.plist.xml; path = Info.plist; sourceTree = "<group>"; };
/* End PBXFileReference section */

/* Begin PBXFrameworksBuildPhase section */
		A6A063122137404700075FFD /* Frameworks */ = {
			isa = PBXFrameworksBuildPhase;
			buildActionMask = 2147483647;
			files = (
				A6303B262132D7D100CDB898 /* RxCocoa.framework in Frameworks */,
				A6303B1E2132D7D100CDB898 /* Realm.framework in Frameworks */,
				A6303B282132D7D100CDB898 /* RxSwift.framework in Frameworks */,
				A6303B2A2132D7D100CDB898 /* SwifterSwift.framework in Frameworks */,
				A6303B242132D7D100CDB898 /* RxBlocking.framework in Frameworks */,
				A6303B222132D7D100CDB898 /* ReSwift.framework in Frameworks */,
				A6303B2C2132D7D100CDB898 /* Swinject.framework in Frameworks */,
				A6303B1C2132D7D100CDB898 /* PromiseKit.framework in Frameworks */,
				A6303B202132D7D100CDB898 /* RealmSwift.framework in Frameworks */,
			);
			runOnlyForDeploymentPostprocessing = 0;
		};
		A6A063262137404700075FFD /* Frameworks */ = {
			isa = PBXFrameworksBuildPhase;
			buildActionMask = 2147483647;
			files = (
				A612315421371E7E00A8D81C /* Swinject.framework in Frameworks */,
			);
			runOnlyForDeploymentPostprocessing = 0;
		};
		A6A063312137404700075FFD /* Frameworks */ = {
			isa = PBXFrameworksBuildPhase;
			buildActionMask = 2147483647;
			files = (
			);
			runOnlyForDeploymentPostprocessing = 0;
		};
/* End PBXFrameworksBuildPhase section */

/* Begin PBXGroup section */
		A612312B2132D8E200A8D81C /* iOS */ = {
			isa = PBXGroup;
			children = (
				A6303AF42132D7A100CDB898 /* PromiseKit.framework */,
				A6303AFA2132D7A100CDB898 /* Realm.framework */,
				A6303AFD2132D7A200CDB898 /* RealmSwift.framework */,
				A6303AF52132D7A100CDB898 /* ReSwift.framework */,
				A6303AF72132D7A100CDB898 /* RxBlocking.framework */,
				A6303AFB2132D7A200CDB898 /* RxCocoa.framework */,
				A6303AFC2132D7A200CDB898 /* RxSwift.framework */,
				A6303AF62132D7A100CDB898 /* RxTest.framework */,
				A6303AF82132D7A100CDB898 /* SwifterSwift.framework */,
				A6303AF92132D7A100CDB898 /* Swinject.framework */,
				A6303B082132D7B900CDB898 /* PromiseKit.framework.dSYM */,
				A6303B092132D7B900CDB898 /* Realm.framework.dSYM */,
				A6303B0E2132D7BA00CDB898 /* RealmSwift.framework.dSYM */,
				A6303B0A2132D7B900CDB898 /* ReSwift.framework.dSYM */,
				A6303B0B2132D7B900CDB898 /* RxBlocking.framework.dSYM */,
				A6303B0F2132D7BA00CDB898 /* RxCocoa.framework.dSYM */,
				A6303B0C2132D7B900CDB898 /* RxSwift.framework.dSYM */,
				A6303B0D2132D7BA00CDB898 /* RxTest.framework.dSYM */,
				A6303B112132D7BA00CDB898 /* SwifterSwift.framework.dSYM */,
				A6303B102132D7BA00CDB898 /* Swinject.framework.dSYM */,
			);
			name = iOS;
			sourceTree = "<group>";
		};
		A61231392132DE7100A8D81C /* Core */ = {
			isa = PBXGroup;
			children = (
			);
			path = Core;
			sourceTree = "<group>";
		};
		A612313A2132DE7900A8D81C /* ViewController */ = {
			isa = PBXGroup;
			children = (
				A61231442132DF7A00A8D81C /* StartController.swift */,
			);
			path = ViewController;
			sourceTree = "<group>";
		};
		A612313B2132DE8900A8D81C /* Model */ = {
			isa = PBXGroup;
			children = (
			);
			path = Model;
			sourceTree = "<group>";
		};
		A612313C2132DE8F00A8D81C /* ReSwift */ = {
			isa = PBXGroup;
			children = (
			);
			path = ReSwift;
			sourceTree = "<group>";
		};
		A612313D2132DE9D00A8D81C /* State */ = {
			isa = PBXGroup;
			children = (
			);
			path = State;
			sourceTree = "<group>";
		};
		A612313E2132DEAB00A8D81C /* Reducer */ = {
			isa = PBXGroup;
			children = (
			);
			path = Reducer;
			sourceTree = "<group>";
		};
		A612313F2132DEB300A8D81C /* Action */ = {
			isa = PBXGroup;
			children = (
			);
			path = Action;
			sourceTree = "<group>";
		};
		A61231402132DEC000A8D81C /* Storyboard */ = {
			isa = PBXGroup;
			children = (
				A6A0631C2137404700075FFD /* Main.storyboard */,
			);
			path = Storyboard;
			sourceTree = "<group>";
		};
		A61231412132DEF000A8D81C /* Nib */ = {
			isa = PBXGroup;
			children = (
			);
			path = Nib;
			sourceTree = "<group>";
		};
		A61231422132DEFB00A8D81C /* Other */ = {
			isa = PBXGroup;
			children = (
			);
			path = Other;
			sourceTree = "<group>";
		};
		A61231432132DF0500A8D81C /* Util */ = {
			isa = PBXGroup;
			children = (
			);
			path = Util;
			sourceTree = "<group>";
		};
		A6123146213718D400A8D81C /* DI */ = {
			isa = PBXGroup;
			children = (
				A61231492137198600A8D81C /* Assembly */,
				A6123147213718E500A8D81C /* DIManager.swift */,
			);
			path = DI;
			sourceTree = "<group>";
		};
		A61231492137198600A8D81C /* Assembly */ = {
			isa = PBXGroup;
			children = (
				A612315121371BB700A8D81C /* ApplicationAssembly.swift */,
				A612315721371F4C00A8D81C /* ControllerAssembly.swift */,
			);
			path = Assembly;
			sourceTree = "<group>";
		};
		A612315321371E7E00A8D81C /* Frameworks */ = {
			isa = PBXGroup;
			children = (
			);
			name = Frameworks;
			sourceTree = "<group>";
		};
		A6A0630C2137404700075FFD = {
			isa = PBXGroup;
			children = (
				A6A063172137404700075FFD /* MyStore */,
				A6A0632C2137404700075FFD /* MyStoreTests */,
				A6A063372137404700075FFD /* MyStoreUITests */,
				A6A063462137404700075FFD /* Carthage Builds */,
				A6A063162137404700075FFD /* Products */,
				A612314A213719EB00A8D81C /* MyStoreTests-Bridging-Header.h */,
				A612315321371E7E00A8D81C /* Frameworks */,
			);
			sourceTree = "<group>";
		};
		A6A063162137404700075FFD /* Products */ = {
			isa = PBXGroup;
			children = (
				A6A063152137404700075FFD /* MyStore.app */,
				A6A063292137404700075FFD /* MyStoreTests.xctest */,
				A6A063342137404700075FFD /* MyStoreUITests.xctest */,
			);
			name = Products;
			sourceTree = "<group>";
		};
		A6A063172137404700075FFD /* MyStore */ = {
			isa = PBXGroup;
			children = (
				A612313C2132DE8F00A8D81C /* ReSwift */,
				A61231392132DE7100A8D81C /* Core */,
				A6123146213718D400A8D81C /* DI */,
				A612313B2132DE8900A8D81C /* Model */,
				A612313D2132DE9D00A8D81C /* State */,
				A612313E2132DEAB00A8D81C /* Reducer */,
				A612313F2132DEB300A8D81C /* Action */,
				A612313A2132DE7900A8D81C /* ViewController */,
				A61231402132DEC000A8D81C /* Storyboard */,
				A61231412132DEF000A8D81C /* Nib */,
				A61231432132DF0500A8D81C /* Util */,
				A61231422132DEFB00A8D81C /* Other */,
				A6A063182137404700075FFD /* AppDelegate.swift */,
				A6A0631F2137404700075FFD /* Assets.xcassets */,
				A6A063212137404700075FFD /* LaunchScreen.storyboard */,
				A6A063242137404700075FFD /* Info.plist */,
			);
			path = MyStore;
			sourceTree = "<group>";
		};
		A6A0632C2137404700075FFD /* MyStoreTests */ = {
			isa = PBXGroup;
			children = (
				A6A0632F2137404700075FFD /* Info.plist */,
				A612314D21371A4A00A8D81C /* CoreTests.swift */,
				A612315521371EF400A8D81C /* DITests.swift */,
			);
			path = MyStoreTests;
			sourceTree = "<group>";
		};
		A6A063372137404700075FFD /* MyStoreUITests */ = {
			isa = PBXGroup;
			children = (
				A6A0633A2137404700075FFD /* Info.plist */,
			);
			path = MyStoreUITests;
			sourceTree = "<group>";
		};
		A6A063462137404700075FFD /* Carthage Builds */ = {
			isa = PBXGroup;
			children = (
				A612312B2132D8E200A8D81C /* iOS */,
			);
			name = "Carthage Builds";
			sourceTree = "<group>";
		};
/* End PBXGroup section */

/* Begin PBXNativeTarget section */
		A6A063142137404700075FFD /* MyStore */ = {
			isa = PBXNativeTarget;
			buildConfigurationList = A6A0633D2137404700075FFD /* Build configuration list for PBXNativeTarget "MyStore" */;
			buildPhases = (
				A6A063112137404700075FFD /* Sources */,
				A6A063122137404700075FFD /* Frameworks */,
				A6A063132137404700075FFD /* Resources */,
				A6303B2E2132D7D100CDB898 /* Embed Frameworks */,
				A612312C2132D92A00A8D81C /* Run Script - Carthage AppStore workaround */,
				A612312D2132DAF900A8D81C /* Copy Carthage dSYMs */,
				A61231382132DB6200A8D81C /* Run Script - Warning for outdated Carthage dependencies */,
			);
			buildRules = (
			);
			dependencies = (
			);
			name = MyStore;
			productName = MyStore;
			productReference = A6A063152137404700075FFD /* MyStore.app */;
			productType = "com.apple.product-type.application";
		};
		A6A063282137404700075FFD /* MyStoreTests */ = {
			isa = PBXNativeTarget;
			buildConfigurationList = A6A063402137404700075FFD /* Build configuration list for PBXNativeTarget "MyStoreTests" */;
			buildPhases = (
				A6A063252137404700075FFD /* Sources */,
				A6A063262137404700075FFD /* Frameworks */,
				A6A063272137404700075FFD /* Resources */,
			);
			buildRules = (
			);
			dependencies = (
				A6A0632B2137404700075FFD /* PBXTargetDependency */,
			);
			name = MyStoreTests;
			productName = MyStoreTests;
			productReference = A6A063292137404700075FFD /* MyStoreTests.xctest */;
			productType = "com.apple.product-type.bundle.unit-test";
		};
		A6A063332137404700075FFD /* MyStoreUITests */ = {
			isa = PBXNativeTarget;
			buildConfigurationList = A6A063432137404700075FFD /* Build configuration list for PBXNativeTarget "MyStoreUITests" */;
			buildPhases = (
				A6A063302137404700075FFD /* Sources */,
				A6A063312137404700075FFD /* Frameworks */,
				A6A063322137404700075FFD /* Resources */,
			);
			buildRules = (
			);
			dependencies = (
				A6A063362137404700075FFD /* PBXTargetDependency */,
			);
			name = MyStoreUITests;
			productName = MyStoreUITests;
			productReference = A6A063342137404700075FFD /* MyStoreUITests.xctest */;
			productType = "com.apple.product-type.bundle.ui-testing";
		};
/* End PBXNativeTarget section */

/* Begin PBXProject section */
		A6A0630D2137404700075FFD /* Project object */ = {
			isa = PBXProject;
			attributes = {
				LastSwiftUpdateCheck = 0940;
				LastUpgradeCheck = 0940;
				ORGANIZATIONNAME = "Daniel Kiss";
				TargetAttributes = {
					A6A063142137404700075FFD = {
						CreatedOnToolsVersion = 9.4.1;
					};
					A6A063282137404700075FFD = {
						CreatedOnToolsVersion = 9.4.1;
						LastSwiftMigration = 0940;
						TestTargetID = A6A063142137404700075FFD;
					};
					A6A063332137404700075FFD = {
						CreatedOnToolsVersion = 9.4.1;
						TestTargetID = A6A063142137404700075FFD;
					};
				};
			};
			buildConfigurationList = A6A063102137404700075FFD /* Build configuration list for PBXProject "MyStore" */;
			compatibilityVersion = "Xcode 9.3";
			developmentRegion = en;
			hasScannedForEncodings = 0;
			knownRegions = (
				en,
				Base,
			);
			mainGroup = A6A0630C2137404700075FFD;
			productRefGroup = A6A063162137404700075FFD /* Products */;
			projectDirPath = "";
			projectRoot = "";
			targets = (
				A6A063142137404700075FFD /* MyStore */,
				A6A063282137404700075FFD /* MyStoreTests */,
				A6A063332137404700075FFD /* MyStoreUITests */,
			);
		};
/* End PBXProject section */

/* Begin PBXResourcesBuildPhase section */
		A6A063132137404700075FFD /* Resources */ = {
			isa = PBXResourcesBuildPhase;
			buildActionMask = 2147483647;
			files = (
				A6303B192132D7BA00CDB898 /* RxCocoa.framework.dSYM in Resources */,
				A6A063232137404700075FFD /* LaunchScreen.storyboard in Resources */,
				A6A063202137404700075FFD /* Assets.xcassets in Resources */,
				A6303B132132D7BA00CDB898 /* Realm.framework.dSYM in Resources */,
				A6A0631E2137404700075FFD /* Main.storyboard in Resources */,
				A6303B162132D7BA00CDB898 /* RxSwift.framework.dSYM in Resources */,
				A6303B122132D7BA00CDB898 /* PromiseKit.framework.dSYM in Resources */,
				A6303B1B2132D7BA00CDB898 /* SwifterSwift.framework.dSYM in Resources */,
				A6303B182132D7BA00CDB898 /* RealmSwift.framework.dSYM in Resources */,
				A6303B172132D7BA00CDB898 /* RxTest.framework.dSYM in Resources */,
				A6303B1A2132D7BA00CDB898 /* Swinject.framework.dSYM in Resources */,
				A6303B152132D7BA00CDB898 /* RxBlocking.framework.dSYM in Resources */,
				A6303B142132D7BA00CDB898 /* ReSwift.framework.dSYM in Resources */,
			);
			runOnlyForDeploymentPostprocessing = 0;
		};
		A6A063272137404700075FFD /* Resources */ = {
			isa = PBXResourcesBuildPhase;
			buildActionMask = 2147483647;
			files = (
			);
			runOnlyForDeploymentPostprocessing = 0;
		};
		A6A063322137404700075FFD /* Resources */ = {
			isa = PBXResourcesBuildPhase;
			buildActionMask = 2147483647;
			files = (
			);
			runOnlyForDeploymentPostprocessing = 0;
		};
/* End PBXResourcesBuildPhase section */

/* Begin PBXShellScriptBuildPhase section */
		A612312C2132D92A00A8D81C /* Run Script - Carthage AppStore workaround */ = {
			isa = PBXShellScriptBuildPhase;
			buildActionMask = 8;
			files = (
			);
			inputPaths = (
				"$(SRCROOT)/Carthage/Build/iOS/PromiseKit.framework",
				"$(SRCROOT)/Carthage/Build/iOS/Realm.framework",
				"$(SRCROOT)/Carthage/Build/iOS/RealmSwift.framework",
				"$(SRCROOT)/Carthage/Build/iOS/ReSwift.framework",
				"$(SRCROOT)/Carthage/Build/iOS/RxBlocking.framework",
				"$(SRCROOT)/Carthage/Build/iOS/RxCocoa.framework",
				"$(SRCROOT)/Carthage/Build/iOS/RxSwift.framework",
				"$(SRCROOT)/Carthage/Build/iOS/SwifterSwift.framework",
				"$(SRCROOT)/Carthage/Build/iOS/Swinject.framework",
			);
			name = "Run Script - Carthage AppStore workaround";
			outputPaths = (
				"$(BUILT_PRODUCTS_DIR)/$(FRAMEWORKS_FOLDER_PATH)/PromiseKit.framework",
				"$(BUILT_PRODUCTS_DIR)/$(FRAMEWORKS_FOLDER_PATH)/Realm.framework",
				"$(BUILT_PRODUCTS_DIR)/$(FRAMEWORKS_FOLDER_PATH)/RealmSwift.framework",
				"$(BUILT_PRODUCTS_DIR)/$(FRAMEWORKS_FOLDER_PATH)/ReSwift.framework",
				"$(BUILT_PRODUCTS_DIR)/$(FRAMEWORKS_FOLDER_PATH)/RxBlocking.framework",
				"$(BUILT_PRODUCTS_DIR)/$(FRAMEWORKS_FOLDER_PATH)/RxCocoa.framework",
				"$(BUILT_PRODUCTS_DIR)/$(FRAMEWORKS_FOLDER_PATH)/RxSwift.framework",
				"$(BUILT_PRODUCTS_DIR)/$(FRAMEWORKS_FOLDER_PATH)/SwifterSwift.framework",
				"$(BUILT_PRODUCTS_DIR)/$(FRAMEWORKS_FOLDER_PATH)/Swinject.framework",
			);
			runOnlyForDeploymentPostprocessing = 1;
			shellPath = /bin/sh;
			shellScript = "/usr/local/bin/carthage copy-frameworks";
		};
		A61231382132DB6200A8D81C /* Run Script - Warning for outdated Carthage dependencies */ = {
			isa = PBXShellScriptBuildPhase;
			buildActionMask = 8;
			files = (
			);
			inputPaths = (
			);
			name = "Run Script - Warning for outdated Carthage dependencies";
			outputPaths = (
			);
			runOnlyForDeploymentPostprocessing = 1;
			shellPath = /bin/sh;
			shellScript = "/usr/local/bin/carthage outdated --xcode-warnings";
		};
/* End PBXShellScriptBuildPhase section */

/* Begin PBXSourcesBuildPhase section */
		A6A063112137404700075FFD /* Sources */ = {
			isa = PBXSourcesBuildPhase;
			buildActionMask = 2147483647;
			files = (
				A612315221371BB700A8D81C /* ApplicationAssembly.swift in Sources */,
				A61231452132DF7A00A8D81C /* StartController.swift in Sources */,
				A6123148213718E500A8D81C /* DIManager.swift in Sources */,
				A612315821371F4C00A8D81C /* ControllerAssembly.swift in Sources */,
				A6A063192137404700075FFD /* AppDelegate.swift in Sources */,
			);
			runOnlyForDeploymentPostprocessing = 0;
		};
		A6A063252137404700075FFD /* Sources */ = {
			isa = PBXSourcesBuildPhase;
			buildActionMask = 2147483647;
			files = (
				A612315621371EF400A8D81C /* DITests.swift in Sources */,
				A612314E21371A4A00A8D81C /* CoreTests.swift in Sources */,
			);
			runOnlyForDeploymentPostprocessing = 0;
		};
		A6A063302137404700075FFD /* Sources */ = {
			isa = PBXSourcesBuildPhase;
			buildActionMask = 2147483647;
			files = (
			);
			runOnlyForDeploymentPostprocessing = 0;
		};
/* End PBXSourcesBuildPhase section */

/* Begin PBXTargetDependency section */
		A6A0632B2137404700075FFD /* PBXTargetDependency */ = {
			isa = PBXTargetDependency;
			target = A6A063142137404700075FFD /* MyStore */;
			targetProxy = A6A0632A2137404700075FFD /* PBXContainerItemProxy */;
		};
		A6A063362137404700075FFD /* PBXTargetDependency */ = {
			isa = PBXTargetDependency;
			target = A6A063142137404700075FFD /* MyStore */;
			targetProxy = A6A063352137404700075FFD /* PBXContainerItemProxy */;
		};
/* End PBXTargetDependency section */

/* Begin PBXVariantGroup section */
		A6A0631C2137404700075FFD /* Main.storyboard */ = {
			isa = PBXVariantGroup;
			children = (
				A6A0631D2137404700075FFD /* Base */,
			);
			name = Main.storyboard;
			sourceTree = "<group>";
		};
		A6A063212137404700075FFD /* LaunchScreen.storyboard */ = {
			isa = PBXVariantGroup;
			children = (
				A6A063222137404700075FFD /* Base */,
			);
			name = LaunchScreen.storyboard;
			sourceTree = "<group>";
		};
/* End PBXVariantGroup section */

/* Begin XCBuildConfiguration section */
		A6A0633B2137404700075FFD /* Debug */ = {
			isa = XCBuildConfiguration;
			buildSettings = {
				ALWAYS_SEARCH_USER_PATHS = NO;
				CLANG_ANALYZER_NONNULL = YES;
				CLANG_ANALYZER_NUMBER_OBJECT_CONVERSION = YES_AGGRESSIVE;
				CLANG_CXX_LANGUAGE_STANDARD = "gnu++14";
				CLANG_CXX_LIBRARY = "libc++";
				CLANG_ENABLE_MODULES = YES;
				CLANG_ENABLE_OBJC_ARC = YES;
				CLANG_ENABLE_OBJC_WEAK = YES;
				CLANG_WARN_BLOCK_CAPTURE_AUTORELEASING = YES;
				CLANG_WARN_BOOL_CONVERSION = YES;
				CLANG_WARN_COMMA = YES;
				CLANG_WARN_CONSTANT_CONVERSION = YES;
				CLANG_WARN_DEPRECATED_OBJC_IMPLEMENTATIONS = YES;
				CLANG_WARN_DIRECT_OBJC_ISA_USAGE = YES_ERROR;
				CLANG_WARN_DOCUMENTATION_COMMENTS = YES;
				CLANG_WARN_EMPTY_BODY = YES;
				CLANG_WARN_ENUM_CONVERSION = YES;
				CLANG_WARN_INFINITE_RECURSION = YES;
				CLANG_WARN_INT_CONVERSION = YES;
				CLANG_WARN_NON_LITERAL_NULL_CONVERSION = YES;
				CLANG_WARN_OBJC_IMPLICIT_RETAIN_SELF = YES;
				CLANG_WARN_OBJC_LITERAL_CONVERSION = YES;
				CLANG_WARN_OBJC_ROOT_CLASS = YES_ERROR;
				CLANG_WARN_RANGE_LOOP_ANALYSIS = YES;
				CLANG_WARN_STRICT_PROTOTYPES = YES;
				CLANG_WARN_SUSPICIOUS_MOVE = YES;
				CLANG_WARN_UNGUARDED_AVAILABILITY = YES_AGGRESSIVE;
				CLANG_WARN_UNREACHABLE_CODE = YES;
				CLANG_WARN__DUPLICATE_METHOD_MATCH = YES;
				CODE_SIGN_IDENTITY = "iPhone Developer";
				COPY_PHASE_STRIP = NO;
				DEBUG_INFORMATION_FORMAT = dwarf;
				ENABLE_STRICT_OBJC_MSGSEND = YES;
				ENABLE_TESTABILITY = YES;
				GCC_C_LANGUAGE_STANDARD = gnu11;
				GCC_DYNAMIC_NO_PIC = NO;
				GCC_NO_COMMON_BLOCKS = YES;
				GCC_OPTIMIZATION_LEVEL = 0;
				GCC_PREPROCESSOR_DEFINITIONS = (
					"DEBUG=1",
					"$(inherited)",
				);
				GCC_WARN_64_TO_32_BIT_CONVERSION = YES;
				GCC_WARN_ABOUT_RETURN_TYPE = YES_ERROR;
				GCC_WARN_UNDECLARED_SELECTOR = YES;
				GCC_WARN_UNINITIALIZED_AUTOS = YES_AGGRESSIVE;
				GCC_WARN_UNUSED_FUNCTION = YES;
				GCC_WARN_UNUSED_VARIABLE = YES;
				IPHONEOS_DEPLOYMENT_TARGET = 11.4;
				MTL_ENABLE_DEBUG_INFO = YES;
				ONLY_ACTIVE_ARCH = YES;
				SDKROOT = iphoneos;
				SWIFT_ACTIVE_COMPILATION_CONDITIONS = DEBUG;
				SWIFT_OPTIMIZATION_LEVEL = "-Onone";
			};
			name = Debug;
		};
		A6A0633C2137404700075FFD /* Release */ = {
			isa = XCBuildConfiguration;
			buildSettings = {
				ALWAYS_SEARCH_USER_PATHS = NO;
				CLANG_ANALYZER_NONNULL = YES;
				CLANG_ANALYZER_NUMBER_OBJECT_CONVERSION = YES_AGGRESSIVE;
				CLANG_CXX_LANGUAGE_STANDARD = "gnu++14";
				CLANG_CXX_LIBRARY = "libc++";
				CLANG_ENABLE_MODULES = YES;
				CLANG_ENABLE_OBJC_ARC = YES;
				CLANG_ENABLE_OBJC_WEAK = YES;
				CLANG_WARN_BLOCK_CAPTURE_AUTORELEASING = YES;
				CLANG_WARN_BOOL_CONVERSION = YES;
				CLANG_WARN_COMMA = YES;
				CLANG_WARN_CONSTANT_CONVERSION = YES;
				CLANG_WARN_DEPRECATED_OBJC_IMPLEMENTATIONS = YES;
				CLANG_WARN_DIRECT_OBJC_ISA_USAGE = YES_ERROR;
				CLANG_WARN_DOCUMENTATION_COMMENTS = YES;
				CLANG_WARN_EMPTY_BODY = YES;
				CLANG_WARN_ENUM_CONVERSION = YES;
				CLANG_WARN_INFINITE_RECURSION = YES;
				CLANG_WARN_INT_CONVERSION = YES;
				CLANG_WARN_NON_LITERAL_NULL_CONVERSION = YES;
				CLANG_WARN_OBJC_IMPLICIT_RETAIN_SELF = YES;
				CLANG_WARN_OBJC_LITERAL_CONVERSION = YES;
				CLANG_WARN_OBJC_ROOT_CLASS = YES_ERROR;
				CLANG_WARN_RANGE_LOOP_ANALYSIS = YES;
				CLANG_WARN_STRICT_PROTOTYPES = YES;
				CLANG_WARN_SUSPICIOUS_MOVE = YES;
				CLANG_WARN_UNGUARDED_AVAILABILITY = YES_AGGRESSIVE;
				CLANG_WARN_UNREACHABLE_CODE = YES;
				CLANG_WARN__DUPLICATE_METHOD_MATCH = YES;
				CODE_SIGN_IDENTITY = "iPhone Developer";
				COPY_PHASE_STRIP = NO;
				DEBUG_INFORMATION_FORMAT = "dwarf-with-dsym";
				ENABLE_NS_ASSERTIONS = NO;
				ENABLE_STRICT_OBJC_MSGSEND = YES;
				GCC_C_LANGUAGE_STANDARD = gnu11;
				GCC_NO_COMMON_BLOCKS = YES;
				GCC_WARN_64_TO_32_BIT_CONVERSION = YES;
				GCC_WARN_ABOUT_RETURN_TYPE = YES_ERROR;
				GCC_WARN_UNDECLARED_SELECTOR = YES;
				GCC_WARN_UNINITIALIZED_AUTOS = YES_AGGRESSIVE;
				GCC_WARN_UNUSED_FUNCTION = YES;
				GCC_WARN_UNUSED_VARIABLE = YES;
				IPHONEOS_DEPLOYMENT_TARGET = 11.4;
				MTL_ENABLE_DEBUG_INFO = NO;
				SDKROOT = iphoneos;
				SWIFT_COMPILATION_MODE = wholemodule;
				SWIFT_OPTIMIZATION_LEVEL = "-O";
				VALIDATE_PRODUCT = YES;
			};
			name = Release;
		};
		A6A0633E2137404700075FFD /* Debug */ = {
			isa = XCBuildConfiguration;
			buildSettings = {
				ASSETCATALOG_COMPILER_APPICON_NAME = AppIcon;
				CODE_SIGN_STYLE = Automatic;
				FRAMEWORK_SEARCH_PATHS = (
					"$(inherited)",
					"$(PROJECT_DIR)/Carthage/Build/iOS",
				);
				INFOPLIST_FILE = MyStore/Info.plist;
				IPHONEOS_DEPLOYMENT_TARGET = 9.0;
				LD_RUNPATH_SEARCH_PATHS = (
					"$(inherited)",
					"@executable_path/Frameworks",
				);
				PRODUCT_BUNDLE_IDENTIFIER = eu.kdaniel.MyStore;
				PRODUCT_NAME = "$(TARGET_NAME)";
				SWIFT_VERSION = 4.0;
				TARGETED_DEVICE_FAMILY = "1,2";
			};
			name = Debug;
		};
		A6A0633F2137404700075FFD /* Release */ = {
			isa = XCBuildConfiguration;
			buildSettings = {
				ASSETCATALOG_COMPILER_APPICON_NAME = AppIcon;
				CODE_SIGN_STYLE = Automatic;
				FRAMEWORK_SEARCH_PATHS = (
					"$(inherited)",
					"$(PROJECT_DIR)/Carthage/Build/iOS",
				);
				INFOPLIST_FILE = MyStore/Info.plist;
				IPHONEOS_DEPLOYMENT_TARGET = 9.0;
				LD_RUNPATH_SEARCH_PATHS = (
					"$(inherited)",
					"@executable_path/Frameworks",
				);
				PRODUCT_BUNDLE_IDENTIFIER = eu.kdaniel.MyStore;
				PRODUCT_NAME = "$(TARGET_NAME)";
				SWIFT_VERSION = 4.0;
				TARGETED_DEVICE_FAMILY = "1,2";
			};
			name = Release;
		};
		A6A063412137404700075FFD /* Debug */ = {
			isa = XCBuildConfiguration;
			buildSettings = {
				ALWAYS_EMBED_SWIFT_STANDARD_LIBRARIES = YES;
				BUNDLE_LOADER = "$(TEST_HOST)";
				CLANG_ENABLE_MODULES = YES;
				CODE_SIGN_STYLE = Automatic;
				FRAMEWORK_SEARCH_PATHS = (
					"$(inherited)",
					"$(PROJECT_DIR)/Carthage/Build/iOS",
				);
				INFOPLIST_FILE = MyStoreTests/Info.plist;
				LD_RUNPATH_SEARCH_PATHS = (
					"$(inherited)",
					"@executable_path/Frameworks",
					"@loader_path/Frameworks",
				);
				PRODUCT_BUNDLE_IDENTIFIER = eu.kdaniel.01.MyStoreTests;
				PRODUCT_NAME = "$(TARGET_NAME)";
				SWIFT_OBJC_BRIDGING_HEADER = "MyStoreTests-Bridging-Header.h";
				SWIFT_OPTIMIZATION_LEVEL = "-Onone";
				SWIFT_VERSION = 4.0;
				TARGETED_DEVICE_FAMILY = "1,2";
				TEST_HOST = "$(BUILT_PRODUCTS_DIR)/MyStore.app/MyStore";
			};
			name = Debug;
		};
		A6A063422137404700075FFD /* Release */ = {
			isa = XCBuildConfiguration;
			buildSettings = {
				ALWAYS_EMBED_SWIFT_STANDARD_LIBRARIES = YES;
				BUNDLE_LOADER = "$(TEST_HOST)";
				CLANG_ENABLE_MODULES = YES;
				CODE_SIGN_STYLE = Automatic;
				FRAMEWORK_SEARCH_PATHS = (
					"$(inherited)",
					"$(PROJECT_DIR)/Carthage/Build/iOS",
				);
				INFOPLIST_FILE = MyStoreTests/Info.plist;
				LD_RUNPATH_SEARCH_PATHS = (
					"$(inherited)",
					"@executable_path/Frameworks",
					"@loader_path/Frameworks",
				);
				PRODUCT_BUNDLE_IDENTIFIER = eu.kdaniel.01.MyStoreTests;
				PRODUCT_NAME = "$(TARGET_NAME)";
				SWIFT_OBJC_BRIDGING_HEADER = "MyStoreTests-Bridging-Header.h";
				SWIFT_VERSION = 4.0;
				TARGETED_DEVICE_FAMILY = "1,2";
				TEST_HOST = "$(BUILT_PRODUCTS_DIR)/MyStore.app/MyStore";
			};
			name = Release;
		};
		A6A063442137404700075FFD /* Debug */ = {
			isa = XCBuildConfiguration;
			buildSettings = {
				ALWAYS_EMBED_SWIFT_STANDARD_LIBRARIES = YES;
				CODE_SIGN_STYLE = Automatic;
				INFOPLIST_FILE = MyStoreUITests/Info.plist;
				LD_RUNPATH_SEARCH_PATHS = (
					"$(inherited)",
					"@executable_path/Frameworks",
					"@loader_path/Frameworks",
				);
				PRODUCT_BUNDLE_IDENTIFIER = eu.kdaniel.01.MyStoreUITests;
				PRODUCT_NAME = "$(TARGET_NAME)";
				SWIFT_VERSION = 4.0;
				TARGETED_DEVICE_FAMILY = "1,2";
				TEST_TARGET_NAME = MyStore;
			};
			name = Debug;
		};
		A6A063452137404700075FFD /* Release */ = {
			isa = XCBuildConfiguration;
			buildSettings = {
				ALWAYS_EMBED_SWIFT_STANDARD_LIBRARIES = YES;
				CODE_SIGN_STYLE = Automatic;
				INFOPLIST_FILE = MyStoreUITests/Info.plist;
				LD_RUNPATH_SEARCH_PATHS = (
					"$(inherited)",
					"@executable_path/Frameworks",
					"@loader_path/Frameworks",
				);
				PRODUCT_BUNDLE_IDENTIFIER = eu.kdaniel.01.MyStoreUITests;
				PRODUCT_NAME = "$(TARGET_NAME)";
				SWIFT_VERSION = 4.0;
				TARGETED_DEVICE_FAMILY = "1,2";
				TEST_TARGET_NAME = MyStore;
			};
			name = Release;
		};
/* End XCBuildConfiguration section */

/* Begin XCConfigurationList section */
		A6A063102137404700075FFD /* Build configuration list for PBXProject "MyStore" */ = {
			isa = XCConfigurationList;
			buildConfigurations = (
				A6A0633B2137404700075FFD /* Debug */,
				A6A0633C2137404700075FFD /* Release */,
			);
			defaultConfigurationIsVisible = 0;
			defaultConfigurationName = Release;
		};
		A6A0633D2137404700075FFD /* Build configuration list for PBXNativeTarget "MyStore" */ = {
			isa = XCConfigurationList;
			buildConfigurations = (
				A6A0633E2137404700075FFD /* Debug */,
				A6A0633F2137404700075FFD /* Release */,
			);
			defaultConfigurationIsVisible = 0;
			defaultConfigurationName = Release;
		};
		A6A063402137404700075FFD /* Build configuration list for PBXNativeTarget "MyStoreTests" */ = {
			isa = XCConfigurationList;
			buildConfigurations = (
				A6A063412137404700075FFD /* Debug */,
				A6A063422137404700075FFD /* Release */,
			);
			defaultConfigurationIsVisible = 0;
			defaultConfigurationName = Release;
		};
		A6A063432137404700075FFD /* Build configuration list for PBXNativeTarget "MyStoreUITests" */ = {
			isa = XCConfigurationList;
			buildConfigurations = (
				A6A063442137404700075FFD /* Debug */,
				A6A063452137404700075FFD /* Release */,
			);
			defaultConfigurationIsVisible = 0;
			defaultConfigurationName = Release;
		};
/* End XCConfigurationList section */
	};
	rootObject = A6A0630D2137404700075FFD /* Project object */;
}
